
Microsoft Visual Studio Solution File, Format Version 12.00
# Visual Studio 15
VisualStudioVersion = 15.0.26730.15
MinimumVisualStudioVersion = 10.0.40219.1
Project("{FAE04EC0-301F-11D3-BF4B-00C04F79EFBC}") = "Problem2FiconacciEvenSum", "Problem2FiconacciEvenSum\Problem2FiconacciEvenSum.csproj", "{38F45EA9-7112-46E3-A48E-4AC11A8985DA}"
EndProject
Global
	GlobalSection(SolutionConfigurationPlatforms) = preSolution
		Debug|Any CPU = Debug|Any CPU
		Release|Any CPU = Release|Any CPU
	EndGlobalSection
	GlobalSection(ProjectConfigurationPlatforms) = postSolution
		{38F45EA9-7112-46E3-A48E-4AC11A8985DA}.Debug|Any CPU.ActiveCfg = Debug|Any CPU
		{38F45EA9-7112-46E3-A48E-4AC11A8985DA}.Debug|Any CPU.Build.0 = Debug|Any CPU
		{38F45EA9-7112-46E3-A48E-4AC11A8985DA}.Release|Any CPU.ActiveCfg = Release|Any CPU
		{38F45EA9-7112-46E3-A48E-4AC11A8985DA}.Release|Any CPU.Build.0 = Release|Any CPU
	EndGlobalSection
	GlobalSection(SolutionProperties) = preSolution
		HideSolutionNode = FALSE
	EndGlobalSection
	GlobalSection(ExtensibilityGlobals) = postSolution
		SolutionGuid = {5D68DA0B-4ECF-43F1-8C43-2B20BB28FA99}
	EndGlobalSection
EndGlobal
