
Microsoft Visual Studio Solution File, Format Version 12.00
# Visual Studio 15
VisualStudioVersion = 15.0.26730.15
MinimumVisualStudioVersion = 10.0.40219.1
Project("{FAE04EC0-301F-11D3-BF4B-00C04F79EFBC}") = "P10Primes", "P10Primes\P10Primes.csproj", "{AEEA3268-480F-44F9-9F98-806A71724069}"
EndProject
Global
	GlobalSection(SolutionConfigurationPlatforms) = preSolution
		Debug|Any CPU = Debug|Any CPU
		Release|Any CPU = Release|Any CPU
	EndGlobalSection
	GlobalSection(ProjectConfigurationPlatforms) = postSolution
		{AEEA3268-480F-44F9-9F98-806A71724069}.Debug|Any CPU.ActiveCfg = Debug|Any CPU
		{AEEA3268-480F-44F9-9F98-806A71724069}.Debug|Any CPU.Build.0 = Debug|Any CPU
		{AEEA3268-480F-44F9-9F98-806A71724069}.Release|Any CPU.ActiveCfg = Release|Any CPU
		{AEEA3268-480F-44F9-9F98-806A71724069}.Release|Any CPU.Build.0 = Release|Any CPU
	EndGlobalSection
	GlobalSection(SolutionProperties) = preSolution
		HideSolutionNode = FALSE
	EndGlobalSection
	GlobalSection(ExtensibilityGlobals) = postSolution
		SolutionGuid = {E9BFC609-9C9F-44E2-9E4A-67D0BD685B17}
	EndGlobalSection
EndGlobal
